
Microsoft Visual Studio Solution File, Format Version 12.00
# Visual Studio Version 17
VisualStudioVersion = 17.5.002.0
MinimumVisualStudioVersion = 10.0.40219.1
Project("{9A19103F-16F7-4668-BE54-9A1E7A4F7556}") = "FinanceApp", "FinanceApp\FinanceApp.csproj", "{1922357D-E0A6-4B8A-802B-C7DECDC133DB}"
EndProject
Global
	GlobalSection(SolutionConfigurationPlatforms) = preSolution
		Debug|Any CPU = Debug|Any CPU
		Release|Any CPU = Release|Any CPU
	EndGlobalSection
	GlobalSection(ProjectConfigurationPlatforms) = postSolution
		{1922357D-E0A6-4B8A-802B-C7DECDC133DB}.Debug|Any CPU.ActiveCfg = Debug|Any CPU
		{1922357D-E0A6-4B8A-802B-C7DECDC133DB}.Debug|Any CPU.Build.0 = Debug|Any CPU
		{1922357D-E0A6-4B8A-802B-C7DECDC133DB}.Release|Any CPU.ActiveCfg = Release|Any CPU
		{1922357D-E0A6-4B8A-802B-C7DECDC133DB}.Release|Any CPU.Build.0 = Release|Any CPU
	EndGlobalSection
	GlobalSection(SolutionProperties) = preSolution
		HideSolutionNode = FALSE
	EndGlobalSection
	GlobalSection(ExtensibilityGlobals) = postSolution
		SolutionGuid = {CB9CC7A0-F671-4A85-BF4C-DE2AE24B052B}
	EndGlobalSection
EndGlobal
